
Microsoft Visual Studio Solution File, Format Version 12.00
# Visual Studio Version 17
VisualStudioVersion = 17.10.35122.118
MinimumVisualStudioVersion = 10.0.40219.1
Project("{FAE04EC0-301F-11D3-BF4B-00C04F79EFBC}") = "trabalho", "trabalho\trabalho.csproj", "{86F76010-D29B-4854-8910-94B8CECCB166}"
EndProject
Global
	GlobalSection(SolutionConfigurationPlatforms) = preSolution
		Debug|Any CPU = Debug|Any CPU
		Release|Any CPU = Release|Any CPU
	EndGlobalSection
	GlobalSection(ProjectConfigurationPlatforms) = postSolution
		{86F76010-D29B-4854-8910-94B8CECCB166}.Debug|Any CPU.ActiveCfg = Debug|Any CPU
		{86F76010-D29B-4854-8910-94B8CECCB166}.Debug|Any CPU.Build.0 = Debug|Any CPU
		{86F76010-D29B-4854-8910-94B8CECCB166}.Release|Any CPU.ActiveCfg = Release|Any CPU
		{86F76010-D29B-4854-8910-94B8CECCB166}.Release|Any CPU.Build.0 = Release|Any CPU
	EndGlobalSection
	GlobalSection(SolutionProperties) = preSolution
		HideSolutionNode = FALSE
	EndGlobalSection
	GlobalSection(ExtensibilityGlobals) = postSolution
		SolutionGuid = {EDDDF6E5-03BA-4895-B31B-F5172FFEA52C}
	EndGlobalSection
EndGlobal
